
Microsoft Visual Studio Solution File, Format Version 12.00
# Visual Studio Version 16
VisualStudioVersion = 16.0.30309.148
MinimumVisualStudioVersion = 10.0.40219.1
Project("{8BC9CEB8-8B4A-11D0-8D11-00A0C91BC942}") = "KAA-2020", "KAA-2020\KAA-2020.vcxproj", "{7147480E-2F1B-47B4-BEF6-C2FAA171DEC0}"
EndProject
Project("{8BC9CEB8-8B4A-11D0-8D11-00A0C91BC942}") = "Code", "Code\Code.vcxproj", "{1B3E4F06-0E2C-4195-A06B-9445966BEF0C}"
EndProject
Project("{8BC9CEB8-8B4A-11D0-8D11-00A0C91BC942}") = "userlib", "userlib\userlib.vcxproj", "{94D16139-0739-4189-A243-5BA367FD5747}"
EndProject
Global
	GlobalSection(SolutionConfigurationPlatforms) = preSolution
		Debug|x64 = Debug|x64
		Debug|x86 = Debug|x86
		Release|x64 = Release|x64
		Release|x86 = Release|x86
	EndGlobalSection
	GlobalSection(ProjectConfigurationPlatforms) = postSolution
		{7147480E-2F1B-47B4-BEF6-C2FAA171DEC0}.Debug|x64.ActiveCfg = Debug|x64
		{7147480E-2F1B-47B4-BEF6-C2FAA171DEC0}.Debug|x64.Build.0 = Debug|x64
		{7147480E-2F1B-47B4-BEF6-C2FAA171DEC0}.Debug|x86.ActiveCfg = Debug|Win32
		{7147480E-2F1B-47B4-BEF6-C2FAA171DEC0}.Debug|x86.Build.0 = Debug|Win32
		{7147480E-2F1B-47B4-BEF6-C2FAA171DEC0}.Release|x64.ActiveCfg = Release|x64
		{7147480E-2F1B-47B4-BEF6-C2FAA171DEC0}.Release|x64.Build.0 = Release|x64
		{7147480E-2F1B-47B4-BEF6-C2FAA171DEC0}.Release|x86.ActiveCfg = Release|Win32
		{7147480E-2F1B-47B4-BEF6-C2FAA171DEC0}.Release|x86.Build.0 = Release|Win32
		{1B3E4F06-0E2C-4195-A06B-9445966BEF0C}.Debug|x64.ActiveCfg = Debug|x64
		{1B3E4F06-0E2C-4195-A06B-9445966BEF0C}.Debug|x64.Build.0 = Debug|x64
		{1B3E4F06-0E2C-4195-A06B-9445966BEF0C}.Debug|x86.ActiveCfg = Debug|Win32
		{1B3E4F06-0E2C-4195-A06B-9445966BEF0C}.Debug|x86.Build.0 = Debug|Win32
		{1B3E4F06-0E2C-4195-A06B-9445966BEF0C}.Release|x64.ActiveCfg = Release|x64
		{1B3E4F06-0E2C-4195-A06B-9445966BEF0C}.Release|x64.Build.0 = Release|x64
		{1B3E4F06-0E2C-4195-A06B-9445966BEF0C}.Release|x86.ActiveCfg = Release|Win32
		{1B3E4F06-0E2C-4195-A06B-9445966BEF0C}.Release|x86.Build.0 = Release|Win32
		{94D16139-0739-4189-A243-5BA367FD5747}.Debug|x64.ActiveCfg = Debug|x64
		{94D16139-0739-4189-A243-5BA367FD5747}.Debug|x64.Build.0 = Debug|x64
		{94D16139-0739-4189-A243-5BA367FD5747}.Debug|x86.ActiveCfg = Debug|Win32
		{94D16139-0739-4189-A243-5BA367FD5747}.Debug|x86.Build.0 = Debug|Win32
		{94D16139-0739-4189-A243-5BA367FD5747}.Release|x64.ActiveCfg = Release|x64
		{94D16139-0739-4189-A243-5BA367FD5747}.Release|x64.Build.0 = Release|x64
		{94D16139-0739-4189-A243-5BA367FD5747}.Release|x86.ActiveCfg = Release|Win32
		{94D16139-0739-4189-A243-5BA367FD5747}.Release|x86.Build.0 = Release|Win32
	EndGlobalSection
	GlobalSection(SolutionProperties) = preSolution
		HideSolutionNode = FALSE
	EndGlobalSection
	GlobalSection(ExtensibilityGlobals) = postSolution
		SolutionGuid = {A09777E8-E39F-4EB7-B704-29D40AC967CF}
	EndGlobalSection
EndGlobal
